
Microsoft Visual Studio Solution File, Format Version 12.00
# Visual Studio Version 17
VisualStudioVersion = 17.4.33110.190
MinimumVisualStudioVersion = 10.0.40219.1
Project("{FAE04EC0-301F-11D3-BF4B-00C04F79EFBC}") = "SwampClient", "SwampClient\SwampClient.csproj", "{253AE742-9E4A-4F06-8D60-E09D723D327B}"
EndProject
Global
	GlobalSection(SolutionConfigurationPlatforms) = preSolution
		Debug|Any CPU = Debug|Any CPU
		Release|Any CPU = Release|Any CPU
	EndGlobalSection
	GlobalSection(ProjectConfigurationPlatforms) = postSolution
		{253AE742-9E4A-4F06-8D60-E09D723D327B}.Debug|Any CPU.ActiveCfg = Debug|Any CPU
		{253AE742-9E4A-4F06-8D60-E09D723D327B}.Debug|Any CPU.Build.0 = Debug|Any CPU
		{253AE742-9E4A-4F06-8D60-E09D723D327B}.Release|Any CPU.ActiveCfg = Release|Any CPU
		{253AE742-9E4A-4F06-8D60-E09D723D327B}.Release|Any CPU.Build.0 = Release|Any CPU
	EndGlobalSection
	GlobalSection(SolutionProperties) = preSolution
		HideSolutionNode = FALSE
	EndGlobalSection
	GlobalSection(ExtensibilityGlobals) = postSolution
		SolutionGuid = {0839330F-172F-4B87-9839-59C546863D08}
	EndGlobalSection
EndGlobal
